// !$*UTF8*$!
{
	archiveVersion = 1;
	classes = {
	};
	objectVersion = 46;
	objects = {

/* Begin PBXBuildFile section */
		C11FE2D01E9A8212009BC44C /* AppDelegate.swift in Sources */ = {isa = PBXBuildFile; fileRef = C11FE2CF1E9A8212009BC44C /* AppDelegate.swift */; };
		C11FE2D21E9A8212009BC44C /* ViewController.swift in Sources */ = {isa = PBXBuildFile; fileRef = C11FE2D11E9A8212009BC44C /* ViewController.swift */; };
		C11FE2D51E9A8212009BC44C /* Main.storyboard in Resources */ = {isa = PBXBuildFile; fileRef = C11FE2D31E9A8212009BC44C /* Main.storyboard */; };
		C11FE2D71E9A8212009BC44C /* Assets.xcassets in Resources */ = {isa = PBXBuildFile; fileRef = C11FE2D61E9A8212009BC44C /* Assets.xcassets */; };
		C11FE2DA1E9A8212009BC44C /* LaunchScreen.storyboard in Resources */ = {isa = PBXBuildFile; fileRef = C11FE2D81E9A8212009BC44C /* LaunchScreen.storyboard */; };
		C11FE2E81E9A8310009BC44C /* KeyboardViewController.swift in Sources */ = {isa = PBXBuildFile; fileRef = C11FE2E71E9A8310009BC44C /* KeyboardViewController.swift */; };
		C11FE2EC1E9A8310009BC44C /* Keyboard.appex in Embed App Extensions */ = {isa = PBXBuildFile; fileRef = C11FE2E51E9A8310009BC44C /* Keyboard.appex */; settings = {ATTRIBUTES = (RemoveHeadersOnCopy, ); }; };
/* End PBXBuildFile section */

/* Begin PBXContainerItemProxy section */
		C11FE2EA1E9A8310009BC44C /* PBXContainerItemProxy */ = {
			isa = PBXContainerItemProxy;
			containerPortal = C11FE2C41E9A8212009BC44C /* Project object */;
			proxyType = 1;
			remoteGlobalIDString = C11FE2E41E9A8310009BC44C;
			remoteInfo = Keyboard;
		};
/* End PBXContainerItemProxy section */

/* Begin PBXCopyFilesBuildPhase section */
		C11FE2F01E9A8310009BC44C /* Embed App Extensions */ = {
			isa = PBXCopyFilesBuildPhase;
			buildActionMask = 2147483647;
			dstPath = "";
			dstSubfolderSpec = 13;
			files = (
				C11FE2EC1E9A8310009BC44C /* Keyboard.appex in Embed App Extensions */,
			);
			name = "Embed App Extensions";
			runOnlyForDeploymentPostprocessing = 0;
		};
/* End PBXCopyFilesBuildPhase section */

/* Begin PBXFileReference section */
		C11FE2CC1E9A8212009BC44C /* MemBoard.app */ = {isa = PBXFileReference; explicitFileType = wrapper.application; includeInIndex = 0; path = MemBoard.app; sourceTree = BUILT_PRODUCTS_DIR; };
		C11FE2CF1E9A8212009BC44C /* AppDelegate.swift */ = {isa = PBXFileReference; lastKnownFileType = sourcecode.swift; path = AppDelegate.swift; sourceTree = "<group>"; };
		C11FE2D11E9A8212009BC44C /* ViewController.swift */ = {isa = PBXFileReference; lastKnownFileType = sourcecode.swift; path = ViewController.swift; sourceTree = "<group>"; };
		C11FE2D41E9A8212009BC44C /* Base */ = {isa = PBXFileReference; lastKnownFileType = file.storyboard; name = Base; path = Base.lproj/Main.storyboard; sourceTree = "<group>"; };
		C11FE2D61E9A8212009BC44C /* Assets.xcassets */ = {isa = PBXFileReference; lastKnownFileType = folder.assetcatalog; path = Assets.xcassets; sourceTree = "<group>"; };
		C11FE2D91E9A8212009BC44C /* Base */ = {isa = PBXFileReference; lastKnownFileType = file.storyboard; name = Base; path = Base.lproj/LaunchScreen.storyboard; sourceTree = "<group>"; };
		C11FE2DB1E9A8212009BC44C /* Info.plist */ = {isa = PBXFileReference; lastKnownFileType = text.plist.xml; path = Info.plist; sourceTree = "<group>"; };
		C11FE2E51E9A8310009BC44C /* Keyboard.appex */ = {isa = PBXFileReference; explicitFileType = "wrapper.app-extension"; includeInIndex = 0; path = Keyboard.appex; sourceTree = BUILT_PRODUCTS_DIR; };
		C11FE2E71E9A8310009BC44C /* KeyboardViewController.swift */ = {isa = PBXFileReference; lastKnownFileType = sourcecode.swift; path = KeyboardViewController.swift; sourceTree = "<group>"; };
		C11FE2E91E9A8310009BC44C /* Info.plist */ = {isa = PBXFileReference; lastKnownFileType = text.plist.xml; path = Info.plist; sourceTree = "<group>"; };
		C11FE2F31E9D038B009BC44C /* Keyboard.entitlements */ = {isa = PBXFileReference; lastKnownFileType = text.plist.entitlements; path = Keyboard.entitlements; sourceTree = "<group>"; };
		C11FE2F41E9D0395009BC44C /* MemBoard.entitlements */ = {isa = PBXFileReference; lastKnownFileType = text.plist.entitlements; path = MemBoard.entitlements; sourceTree = "<group>"; };
/* End PBXFileReference section */

/* Begin PBXFrameworksBuildPhase section */
		C11FE2C91E9A8212009BC44C /* Frameworks */ = {
			isa = PBXFrameworksBuildPhase;
			buildActionMask = 2147483647;
			files = (
			);
			runOnlyForDeploymentPostprocessing = 0;
		};
		C11FE2E21E9A8310009BC44C /* Frameworks */ = {
			isa = PBXFrameworksBuildPhase;
			buildActionMask = 2147483647;
			files = (
			);
			runOnlyForDeploymentPostprocessing = 0;
		};
/* End PBXFrameworksBuildPhase section */

/* Begin PBXGroup section */
		C11FE2C31E9A8212009BC44C = {
			isa = PBXGroup;
			children = (
				C11FE2CE1E9A8212009BC44C /* MemBoard */,
				C11FE2E61E9A8310009BC44C /* Keyboard */,
				C11FE2CD1E9A8212009BC44C /* Products */,
			);
			sourceTree = "<group>";
		};
		C11FE2CD1E9A8212009BC44C /* Products */ = {
			isa = PBXGroup;
			children = (
				C11FE2CC1E9A8212009BC44C /* MemBoard.app */,
				C11FE2E51E9A8310009BC44C /* Keyboard.appex */,
			);
			name = Products;
			sourceTree = "<group>";
		};
		C11FE2CE1E9A8212009BC44C /* MemBoard */ = {
			isa = PBXGroup;
			children = (
				C11FE2F41E9D0395009BC44C /* MemBoard.entitlements */,
				C11FE2CF1E9A8212009BC44C /* AppDelegate.swift */,
				C11FE2D11E9A8212009BC44C /* ViewController.swift */,
				C11FE2D31E9A8212009BC44C /* Main.storyboard */,
				C11FE2D61E9A8212009BC44C /* Assets.xcassets */,
				C11FE2D81E9A8212009BC44C /* LaunchScreen.storyboard */,
				C11FE2DB1E9A8212009BC44C /* Info.plist */,
			);
			path = MemBoard;
			sourceTree = "<group>";
		};
		C11FE2E61E9A8310009BC44C /* Keyboard */ = {
			isa = PBXGroup;
			children = (
				C11FE2F31E9D038B009BC44C /* Keyboard.entitlements */,
				C11FE2E71E9A8310009BC44C /* KeyboardViewController.swift */,
				C11FE2E91E9A8310009BC44C /* Info.plist */,
			);
			path = Keyboard;
			sourceTree = "<group>";
		};
/* End PBXGroup section */

/* Begin PBXNativeTarget section */
		C11FE2CB1E9A8212009BC44C /* MemBoard */ = {
			isa = PBXNativeTarget;
			buildConfigurationList = C11FE2DE1E9A8212009BC44C /* Build configuration list for PBXNativeTarget "MemBoard" */;
			buildPhases = (
				C11FE2C81E9A8212009BC44C /* Sources */,
				C11FE2C91E9A8212009BC44C /* Frameworks */,
				C11FE2CA1E9A8212009BC44C /* Resources */,
				C11FE2F01E9A8310009BC44C /* Embed App Extensions */,
			);
			buildRules = (
			);
			dependencies = (
				C11FE2EB1E9A8310009BC44C /* PBXTargetDependency */,
			);
			name = MemBoard;
			productName = MemBoard;
			productReference = C11FE2CC1E9A8212009BC44C /* MemBoard.app */;
			productType = "com.apple.product-type.application";
		};
		C11FE2E41E9A8310009BC44C /* Keyboard */ = {
			isa = PBXNativeTarget;
			buildConfigurationList = C11FE2ED1E9A8310009BC44C /* Build configuration list for PBXNativeTarget "Keyboard" */;
			buildPhases = (
				C11FE2E11E9A8310009BC44C /* Sources */,
				C11FE2E21E9A8310009BC44C /* Frameworks */,
				C11FE2E31E9A8310009BC44C /* Resources */,
			);
			buildRules = (
			);
			dependencies = (
			);
			name = Keyboard;
			productName = Keyboard;
			productReference = C11FE2E51E9A8310009BC44C /* Keyboard.appex */;
			productType = "com.apple.product-type.app-extension";
		};
/* End PBXNativeTarget section */

/* Begin PBXProject section */
		C11FE2C41E9A8212009BC44C /* Project object */ = {
			isa = PBXProject;
			attributes = {
				LastSwiftUpdateCheck = 0830;
				LastUpgradeCheck = 0830;
				ORGANIZATIONNAME = "Justin Doan";
				TargetAttributes = {
					C11FE2CB1E9A8212009BC44C = {
						CreatedOnToolsVersion = 8.3;
						DevelopmentTeam = 28SGD9V9Q9;
						ProvisioningStyle = Automatic;
						SystemCapabilities = {
							com.apple.ApplicationGroups.iOS = {
								enabled = 1;
							};
						};
					};
					C11FE2E41E9A8310009BC44C = {
						CreatedOnToolsVersion = 8.3;
						DevelopmentTeam = 28SGD9V9Q9;
						ProvisioningStyle = Automatic;
						SystemCapabilities = {
							com.apple.ApplicationGroups.iOS = {
								enabled = 1;
							};
						};
					};
				};
			};
			buildConfigurationList = C11FE2C71E9A8212009BC44C /* Build configuration list for PBXProject "MemBoard" */;
			compatibilityVersion = "Xcode 3.2";
			developmentRegion = English;
			hasScannedForEncodings = 0;
			knownRegions = (
				en,
				Base,
			);
			mainGroup = C11FE2C31E9A8212009BC44C;
			productRefGroup = C11FE2CD1E9A8212009BC44C /* Products */;
			projectDirPath = "";
			projectRoot = "";
			targets = (
				C11FE2CB1E9A8212009BC44C /* MemBoard */,
				C11FE2E41E9A8310009BC44C /* Keyboard */,
			);
		};
/* End PBXProject section */

/* Begin PBXResourcesBuildPhase section */
		C11FE2CA1E9A8212009BC44C /* Resources */ = {
			isa = PBXResourcesBuildPhase;
			buildActionMask = 2147483647;
			files = (
				C11FE2DA1E9A8212009BC44C /* LaunchScreen.storyboard in Resources */,
				C11FE2D71E9A8212009BC44C /* Assets.xcassets in Resources */,
				C11FE2D51E9A8212009BC44C /* Main.storyboard in Resources */,
			);
			runOnlyForDeploymentPostprocessing = 0;
		};
		C11FE2E31E9A8310009BC44C /* Resources */ = {
			isa = PBXResourcesBuildPhase;
			buildActionMask = 2147483647;
			files = (
			);
			runOnlyForDeploymentPostprocessing = 0;
		};
/* End PBXResourcesBuildPhase section */

/* Begin PBXSourcesBuildPhase section */
		C11FE2C81E9A8212009BC44C /* Sources */ = {
			isa = PBXSourcesBuildPhase;
			buildActionMask = 2147483647;
			files = (
				C11FE2D21E9A8212009BC44C /* ViewController.swift in Sources */,
				C11FE2D01E9A8212009BC44C /* AppDelegate.swift in Sources */,
			);
			runOnlyForDeploymentPostprocessing = 0;
		};
		C11FE2E11E9A8310009BC44C /* Sources */ = {
			isa = PBXSourcesBuildPhase;
			buildActionMask = 2147483647;
			files = (
				C11FE2E81E9A8310009BC44C /* KeyboardViewController.swift in Sources */,
			);
			runOnlyForDeploymentPostprocessing = 0;
		};
/* End PBXSourcesBuildPhase section */

/* Begin PBXTargetDependency section */
		C11FE2EB1E9A8310009BC44C /* PBXTargetDependency */ = {
			isa = PBXTargetDependency;
			target = C11FE2E41E9A8310009BC44C /* Keyboard */;
			targetProxy = C11FE2EA1E9A8310009BC44C /* PBXContainerItemProxy */;
		};
/* End PBXTargetDependency section */

/* Begin PBXVariantGroup section */
		C11FE2D31E9A8212009BC44C /* Main.storyboard */ = {
			isa = PBXVariantGroup;
			children = (
				C11FE2D41E9A8212009BC44C /* Base */,
			);
			name = Main.storyboard;
			sourceTree = "<group>";
		};
		C11FE2D81E9A8212009BC44C /* LaunchScreen.storyboard */ = {
			isa = PBXVariantGroup;
			children = (
				C11FE2D91E9A8212009BC44C /* Base */,
			);
			name = LaunchScreen.storyboard;
			sourceTree = "<group>";
		};
/* End PBXVariantGroup section */

/* Begin XCBuildConfiguration section */
		C11FE2DC1E9A8212009BC44C /* Debug */ = {
			isa = XCBuildConfiguration;
			buildSettings = {
				ALWAYS_SEARCH_USER_PATHS = NO;
				CLANG_ANALYZER_NONNULL = YES;
				CLANG_ANALYZER_NUMBER_OBJECT_CONVERSION = YES_AGGRESSIVE;
				CLANG_CXX_LANGUAGE_STANDARD = "gnu++0x";
				CLANG_CXX_LIBRARY = "libc++";
				CLANG_ENABLE_MODULES = YES;
				CLANG_ENABLE_OBJC_ARC = YES;
				CLANG_WARN_BOOL_CONVERSION = YES;
				CLANG_WARN_CONSTANT_CONVERSION = YES;
				CLANG_WARN_DIRECT_OBJC_ISA_USAGE = YES_ERROR;
				CLANG_WARN_DOCUMENTATION_COMMENTS = YES;
				CLANG_WARN_EMPTY_BODY = YES;
				CLANG_WARN_ENUM_CONVERSION = YES;
				CLANG_WARN_INFINITE_RECURSION = YES;
				CLANG_WARN_INT_CONVERSION = YES;
				CLANG_WARN_OBJC_ROOT_CLASS = YES_ERROR;
				CLANG_WARN_SUSPICIOUS_MOVE = YES;
				CLANG_WARN_UNREACHABLE_CODE = YES;
				CLANG_WARN__DUPLICATE_METHOD_MATCH = YES;
				"CODE_SIGN_IDENTITY[sdk=iphoneos*]" = "iPhone Developer";
				COPY_PHASE_STRIP = NO;
				DEBUG_INFORMATION_FORMAT = dwarf;
				ENABLE_STRICT_OBJC_MSGSEND = YES;
				ENABLE_TESTABILITY = YES;
				GCC_C_LANGUAGE_STANDARD = gnu99;
				GCC_DYNAMIC_NO_PIC = NO;
				GCC_NO_COMMON_BLOCKS = YES;
				GCC_OPTIMIZATION_LEVEL = 0;
				GCC_PREPROCESSOR_DEFINITIONS = (
					"DEBUG=1",
					"$(inherited)",
				);
				GCC_WARN_64_TO_32_BIT_CONVERSION = YES;
				GCC_WARN_ABOUT_RETURN_TYPE = YES_ERROR;
				GCC_WARN_UNDECLARED_SELECTOR = YES;
				GCC_WARN_UNINITIALIZED_AUTOS = YES_AGGRESSIVE;
				GCC_WARN_UNUSED_FUNCTION = YES;
				GCC_WARN_UNUSED_VARIABLE = YES;
				IPHONEOS_DEPLOYMENT_TARGET = 9.0;
				MTL_ENABLE_DEBUG_INFO = YES;
				ONLY_ACTIVE_ARCH = YES;
				SDKROOT = iphoneos;
				SWIFT_ACTIVE_COMPILATION_CONDITIONS = DEBUG;
				SWIFT_OPTIMIZATION_LEVEL = "-Onone";
				TARGETED_DEVICE_FAMILY = "1,2";
			};
			name = Debug;
		};
		C11FE2DD1E9A8212009BC44C /* Release */ = {
			isa = XCBuildConfiguration;
			buildSettings = {
				ALWAYS_SEARCH_USER_PATHS = NO;
				CLANG_ANALYZER_NONNULL = YES;
				CLANG_ANALYZER_NUMBER_OBJECT_CONVERSION = YES_AGGRESSIVE;
				CLANG_CXX_LANGUAGE_STANDARD = "gnu++0x";
				CLANG_CXX_LIBRARY = "libc++";
				CLANG_ENABLE_MODULES = YES;
				CLANG_ENABLE_OBJC_ARC = YES;
				CLANG_WARN_BOOL_CONVERSION = YES;
				CLANG_WARN_CONSTANT_CONVERSION = YES;
				CLANG_WARN_DIRECT_OBJC_ISA_USAGE = YES_ERROR;
				CLANG_WARN_DOCUMENTATION_COMMENTS = YES;
				CLANG_WARN_EMPTY_BODY = YES;
				CLANG_WARN_ENUM_CONVERSION = YES;
				CLANG_WARN_INFINITE_RECURSION = YES;
				CLANG_WARN_INT_CONVERSION = YES;
				CLANG_WARN_OBJC_ROOT_CLASS = YES_ERROR;
				CLANG_WARN_SUSPICIOUS_MOVE = YES;
				CLANG_WARN_UNREACHABLE_CODE = YES;
				CLANG_WARN__DUPLICATE_METHOD_MATCH = YES;
				"CODE_SIGN_IDENTITY[sdk=iphoneos*]" = "iPhone Developer";
				COPY_PHASE_STRIP = NO;
				DEBUG_INFORMATION_FORMAT = "dwarf-with-dsym";
				ENABLE_NS_ASSERTIONS = NO;
				ENABLE_STRICT_OBJC_MSGSEND = YES;
				GCC_C_LANGUAGE_STANDARD = gnu99;
				GCC_NO_COMMON_BLOCKS = YES;
				GCC_WARN_64_TO_32_BIT_CONVERSION = YES;
				GCC_WARN_ABOUT_RETURN_TYPE = YES_ERROR;
				GCC_WARN_UNDECLARED_SELECTOR = YES;
				GCC_WARN_UNINITIALIZED_AUTOS = YES_AGGRESSIVE;
				GCC_WARN_UNUSED_FUNCTION = YES;
				GCC_WARN_UNUSED_VARIABLE = YES;
				IPHONEOS_DEPLOYMENT_TARGET = 9.0;
				MTL_ENABLE_DEBUG_INFO = NO;
				SDKROOT = iphoneos;
				SWIFT_OPTIMIZATION_LEVEL = "-Owholemodule";
				TARGETED_DEVICE_FAMILY = "1,2";
				VALIDATE_PRODUCT = YES;
			};
			name = Release;
		};
		C11FE2DF1E9A8212009BC44C /* Debug */ = {
			isa = XCBuildConfiguration;
			buildSettings = {
				ALWAYS_EMBED_SWIFT_STANDARD_LIBRARIES = YES;
				ASSETCATALOG_COMPILER_APPICON_NAME = AppIcon;
				CODE_SIGN_ENTITLEMENTS = MemBoard/MemBoard.entitlements;
				DEVELOPMENT_TEAM = 28SGD9V9Q9;
				INFOPLIST_FILE = MemBoard/Info.plist;
				IPHONEOS_DEPLOYMENT_TARGET = 9.0;
				LD_RUNPATH_SEARCH_PATHS = "$(inherited) @executable_path/Frameworks";
				PRODUCT_BUNDLE_IDENTIFIER = com.justindoan.MemBoard;
				PRODUCT_NAME = "$(TARGET_NAME)";
				SWIFT_VERSION = 3.0;
			};
			name = Debug;
		};
		C11FE2E01E9A8212009BC44C /* Release */ = {
			isa = XCBuildConfiguration;
			buildSettings = {
				ALWAYS_EMBED_SWIFT_STANDARD_LIBRARIES = YES;
				ASSETCATALOG_COMPILER_APPICON_NAME = AppIcon;
				CODE_SIGN_ENTITLEMENTS = MemBoard/MemBoard.entitlements;
				DEVELOPMENT_TEAM = 28SGD9V9Q9;
				INFOPLIST_FILE = MemBoard/Info.plist;
				IPHONEOS_DEPLOYMENT_TARGET = 9.0;
				LD_RUNPATH_SEARCH_PATHS = "$(inherited) @executable_path/Frameworks";
				PRODUCT_BUNDLE_IDENTIFIER = com.justindoan.MemBoard;
				PRODUCT_NAME = "$(TARGET_NAME)";
				SWIFT_VERSION = 3.0;
			};
			name = Release;
		};
		C11FE2EE1E9A8310009BC44C /* Debug */ = {
			isa = XCBuildConfiguration;
			buildSettings = {
				CODE_SIGN_ENTITLEMENTS = Keyboard/Keyboard.entitlements;
				DEVELOPMENT_TEAM = 28SGD9V9Q9;
				INFOPLIST_FILE = Keyboard/Info.plist;
				IPHONEOS_DEPLOYMENT_TARGET = 9.0;
				LD_RUNPATH_SEARCH_PATHS = "$(inherited) @executable_path/Frameworks @executable_path/../../Frameworks";
				PRODUCT_BUNDLE_IDENTIFIER = com.justindoan.MemBoard.Keyboard;
				PRODUCT_NAME = "$(TARGET_NAME)";
				SKIP_INSTALL = YES;
				SWIFT_VERSION = 3.0;
			};
			name = Debug;
		};
		C11FE2EF1E9A8310009BC44C /* Release */ = {
			isa = XCBuildConfiguration;
			buildSettings = {
				CODE_SIGN_ENTITLEMENTS = Keyboard/Keyboard.entitlements;
				DEVELOPMENT_TEAM = 28SGD9V9Q9;
				INFOPLIST_FILE = Keyboard/Info.plist;
				IPHONEOS_DEPLOYMENT_TARGET = 9.0;
				LD_RUNPATH_SEARCH_PATHS = "$(inherited) @executable_path/Frameworks @executable_path/../../Frameworks";
				PRODUCT_BUNDLE_IDENTIFIER = com.justindoan.MemBoard.Keyboard;
				PRODUCT_NAME = "$(TARGET_NAME)";
				SKIP_INSTALL = YES;
				SWIFT_VERSION = 3.0;
			};
			name = Release;
		};
/* End XCBuildConfiguration section */

/* Begin XCConfigurationList section */
		C11FE2C71E9A8212009BC44C /* Build configuration list for PBXProject "MemBoard" */ = {
			isa = XCConfigurationList;
			buildConfigurations = (
				C11FE2DC1E9A8212009BC44C /* Debug */,
				C11FE2DD1E9A8212009BC44C /* Release */,
			);
			defaultConfigurationIsVisible = 0;
			defaultConfigurationName = Release;
		};
		C11FE2DE1E9A8212009BC44C /* Build configuration list for PBXNativeTarget "MemBoard" */ = {
			isa = XCConfigurationList;
			buildConfigurations = (
				C11FE2DF1E9A8212009BC44C /* Debug */,
				C11FE2E01E9A8212009BC44C /* Release */,
			);
			defaultConfigurationIsVisible = 0;
		};
		C11FE2ED1E9A8310009BC44C /* Build configuration list for PBXNativeTarget "Keyboard" */ = {
			isa = XCConfigurationList;
			buildConfigurations = (
				C11FE2EE1E9A8310009BC44C /* Debug */,
				C11FE2EF1E9A8310009BC44C /* Release */,
			);
			defaultConfigurationIsVisible = 0;
		};
/* End XCConfigurationList section */
	};
	rootObject = C11FE2C41E9A8212009BC44C /* Project object */;
}
